// !$*UTF8*$!
{
	archiveVersion = 1;
	classes = {
	};
	objectVersion = 77;
	objects = {

/* Begin PBXContainerItemProxy section */
		15A2C57E2D9F0EDE00CAFA88 /* PBXContainerItemProxy */ = {
			isa = PBXContainerItemProxy;
			containerPortal = 15A2C5642D9F0EDD00CAFA88 /* Project object */;
			proxyType = 1;
			remoteGlobalIDString = 15A2C56B2D9F0EDD00CAFA88;
			remoteInfo = CurrencyTrackerApp;
		};
		15A2C5882D9F0EDE00CAFA88 /* PBXContainerItemProxy */ = {
			isa = PBXContainerItemProxy;
			containerPortal = 15A2C5642D9F0EDD00CAFA88 /* Project object */;
			proxyType = 1;
			remoteGlobalIDString = 15A2C56B2D9F0EDD00CAFA88;
			remoteInfo = CurrencyTrackerApp;
		};
/* End PBXContainerItemProxy section */

/* Begin PBXFileReference section */
		15A2C56C2D9F0EDD00CAFA88 /* CurrencyTrackerApp.app */ = {isa = PBXFileReference; explicitFileType = wrapper.application; includeInIndex = 0; path = CurrencyTrackerApp.app; sourceTree = BUILT_PRODUCTS_DIR; };
		15A2C57D2D9F0EDE00CAFA88 /* CurrencyTrackerAppTests.xctest */ = {isa = PBXFileReference; explicitFileType = wrapper.cfbundle; includeInIndex = 0; path = CurrencyTrackerAppTests.xctest; sourceTree = BUILT_PRODUCTS_DIR; };
		15A2C5872D9F0EDE00CAFA88 /* CurrencyTrackerAppUITests.xctest */ = {isa = PBXFileReference; explicitFileType = wrapper.cfbundle; includeInIndex = 0; path = CurrencyTrackerAppUITests.xctest; sourceTree = BUILT_PRODUCTS_DIR; };
/* End PBXFileReference section */

/* Begin PBXFileSystemSynchronizedRootGroup section */
		15A2C56E2D9F0EDD00CAFA88 /* CurrencyTrackerApp */ = {
			isa = PBXFileSystemSynchronizedRootGroup;
			path = CurrencyTrackerApp;
			sourceTree = "<group>";
		};
		15A2C5802D9F0EDE00CAFA88 /* CurrencyTrackerAppTests */ = {
			isa = PBXFileSystemSynchronizedRootGroup;
			path = CurrencyTrackerAppTests;
			sourceTree = "<group>";
		};
		15A2C58A2D9F0EDE00CAFA88 /* CurrencyTrackerAppUITests */ = {
			isa = PBXFileSystemSynchronizedRootGroup;
			path = CurrencyTrackerAppUITests;
			sourceTree = "<group>";
		};
/* End PBXFileSystemSynchronizedRootGroup section */

/* Begin PBXFrameworksBuildPhase section */
		15A2C5692D9F0EDD00CAFA88 /* Frameworks */ = {
			isa = PBXFrameworksBuildPhase;
			buildActionMask = 2147483647;
			files = (
			);
			runOnlyForDeploymentPostprocessing = 0;
		};
		15A2C57A2D9F0EDE00CAFA88 /* Frameworks */ = {
			isa = PBXFrameworksBuildPhase;
			buildActionMask = 2147483647;
			files = (
			);
			runOnlyForDeploymentPostprocessing = 0;
		};
		15A2C5842D9F0EDE00CAFA88 /* Frameworks */ = {
			isa = PBXFrameworksBuildPhase;
			buildActionMask = 2147483647;
			files = (
			);
			runOnlyForDeploymentPostprocessing = 0;
		};
/* End PBXFrameworksBuildPhase section */

/* Begin PBXGroup section */
		15A2C5632D9F0EDD00CAFA88 = {
			isa = PBXGroup;
			children = (
				15A2C56E2D9F0EDD00CAFA88 /* CurrencyTrackerApp */,
				15A2C5802D9F0EDE00CAFA88 /* CurrencyTrackerAppTests */,
				15A2C58A2D9F0EDE00CAFA88 /* CurrencyTrackerAppUITests */,
				15A2C56D2D9F0EDD00CAFA88 /* Products */,
			);
			sourceTree = "<group>";
		};
		15A2C56D2D9F0EDD00CAFA88 /* Products */ = {
			isa = PBXGroup;
			children = (
				15A2C56C2D9F0EDD00CAFA88 /* CurrencyTrackerApp.app */,
				15A2C57D2D9F0EDE00CAFA88 /* CurrencyTrackerAppTests.xctest */,
				15A2C5872D9F0EDE00CAFA88 /* CurrencyTrackerAppUITests.xctest */,
			);
			name = Products;
			sourceTree = "<group>";
		};
/* End PBXGroup section */

/* Begin PBXNativeTarget section */
		15A2C56B2D9F0EDD00CAFA88 /* CurrencyTrackerApp */ = {
			isa = PBXNativeTarget;
			buildConfigurationList = 15A2C5912D9F0EDE00CAFA88 /* Build configuration list for PBXNativeTarget "CurrencyTrackerApp" */;
			buildPhases = (
				15A2C5682D9F0EDD00CAFA88 /* Sources */,
				15A2C5692D9F0EDD00CAFA88 /* Frameworks */,
				15A2C56A2D9F0EDD00CAFA88 /* Resources */,
			);
			buildRules = (
			);
			dependencies = (
			);
			fileSystemSynchronizedGroups = (
				15A2C56E2D9F0EDD00CAFA88 /* CurrencyTrackerApp */,
			);
			name = CurrencyTrackerApp;
			packageProductDependencies = (
			);
			productName = CurrencyTrackerApp;
			productReference = 15A2C56C2D9F0EDD00CAFA88 /* CurrencyTrackerApp.app */;
			productType = "com.apple.product-type.application";
		};
		15A2C57C2D9F0EDE00CAFA88 /* CurrencyTrackerAppTests */ = {
			isa = PBXNativeTarget;
			buildConfigurationList = 15A2C5942D9F0EDE00CAFA88 /* Build configuration list for PBXNativeTarget "CurrencyTrackerAppTests" */;
			buildPhases = (
				15A2C5792D9F0EDE00CAFA88 /* Sources */,
				15A2C57A2D9F0EDE00CAFA88 /* Frameworks */,
				15A2C57B2D9F0EDE00CAFA88 /* Resources */,
			);
			buildRules = (
			);
			dependencies = (
				15A2C57F2D9F0EDE00CAFA88 /* PBXTargetDependency */,
			);
			fileSystemSynchronizedGroups = (
				15A2C5802D9F0EDE00CAFA88 /* CurrencyTrackerAppTests */,
			);
			name = CurrencyTrackerAppTests;
			packageProductDependencies = (
			);
			productName = CurrencyTrackerAppTests;
			productReference = 15A2C57D2D9F0EDE00CAFA88 /* CurrencyTrackerAppTests.xctest */;
			productType = "com.apple.product-type.bundle.unit-test";
		};
		15A2C5862D9F0EDE00CAFA88 /* CurrencyTrackerAppUITests */ = {
			isa = PBXNativeTarget;
			buildConfigurationList = 15A2C5972D9F0EDE00CAFA88 /* Build configuration list for PBXNativeTarget "CurrencyTrackerAppUITests" */;
			buildPhases = (
				15A2C5832D9F0EDE00CAFA88 /* Sources */,
				15A2C5842D9F0EDE00CAFA88 /* Frameworks */,
				15A2C5852D9F0EDE00CAFA88 /* Resources */,
			);
			buildRules = (
			);
			dependencies = (
				15A2C5892D9F0EDE00CAFA88 /* PBXTargetDependency */,
			);
			fileSystemSynchronizedGroups = (
				15A2C58A2D9F0EDE00CAFA88 /* CurrencyTrackerAppUITests */,
			);
			name = CurrencyTrackerAppUITests;
			packageProductDependencies = (
			);
			productName = CurrencyTrackerAppUITests;
			productReference = 15A2C5872D9F0EDE00CAFA88 /* CurrencyTrackerAppUITests.xctest */;
			productType = "com.apple.product-type.bundle.ui-testing";
		};
/* End PBXNativeTarget section */

/* Begin PBXProject section */
		15A2C5642D9F0EDD00CAFA88 /* Project object */ = {
			isa = PBXProject;
			attributes = {
				BuildIndependentTargetsInParallel = 1;
				LastSwiftUpdateCheck = 1620;
				LastUpgradeCheck = 1620;
				TargetAttributes = {
					15A2C56B2D9F0EDD00CAFA88 = {
						CreatedOnToolsVersion = 16.2;
					};
					15A2C57C2D9F0EDE00CAFA88 = {
						CreatedOnToolsVersion = 16.2;
						TestTargetID = 15A2C56B2D9F0EDD00CAFA88;
					};
					15A2C5862D9F0EDE00CAFA88 = {
						CreatedOnToolsVersion = 16.2;
						TestTargetID = 15A2C56B2D9F0EDD00CAFA88;
					};
				};
			};
			buildConfigurationList = 15A2C5672D9F0EDD00CAFA88 /* Build configuration list for PBXProject "CurrencyTrackerApp" */;
			developmentRegion = en;
			hasScannedForEncodings = 0;
			knownRegions = (
				en,
				Base,
			);
			mainGroup = 15A2C5632D9F0EDD00CAFA88;
			minimizedProjectReferenceProxies = 1;
			packageReferences = (
			);
			preferredProjectObjectVersion = 77;
			productRefGroup = 15A2C56D2D9F0EDD00CAFA88 /* Products */;
			projectDirPath = "";
			projectRoot = "";
			targets = (
				15A2C56B2D9F0EDD00CAFA88 /* CurrencyTrackerApp */,
				15A2C57C2D9F0EDE00CAFA88 /* CurrencyTrackerAppTests */,
				15A2C5862D9F0EDE00CAFA88 /* CurrencyTrackerAppUITests */,
			);
		};
/* End PBXProject section */

/* Begin PBXResourcesBuildPhase section */
		15A2C56A2D9F0EDD00CAFA88 /* Resources */ = {
			isa = PBXResourcesBuildPhase;
			buildActionMask = 2147483647;
			files = (
			);
			runOnlyForDeploymentPostprocessing = 0;
		};
		15A2C57B2D9F0EDE00CAFA88 /* Resources */ = {
			isa = PBXResourcesBuildPhase;
			buildActionMask = 2147483647;
			files = (
			);
			runOnlyForDeploymentPostprocessing = 0;
		};
		15A2C5852D9F0EDE00CAFA88 /* Resources */ = {
			isa = PBXResourcesBuildPhase;
			buildActionMask = 2147483647;
			files = (
			);
			runOnlyForDeploymentPostprocessing = 0;
		};
/* End PBXResourcesBuildPhase section */

/* Begin PBXSourcesBuildPhase section */
		15A2C5682D9F0EDD00CAFA88 /* Sources */ = {
			isa = PBXSourcesBuildPhase;
			buildActionMask = 2147483647;
			files = (
			);
			runOnlyForDeploymentPostprocessing = 0;
		};
		15A2C5792D9F0EDE00CAFA88 /* Sources */ = {
			isa = PBXSourcesBuildPhase;
			buildActionMask = 2147483647;
			files = (
			);
			runOnlyForDeploymentPostprocessing = 0;
		};
		15A2C5832D9F0EDE00CAFA88 /* Sources */ = {
			isa = PBXSourcesBuildPhase;
			buildActionMask = 2147483647;
			files = (
			);
			runOnlyForDeploymentPostprocessing = 0;
		};
/* End PBXSourcesBuildPhase section */

/* Begin PBXTargetDependency section */
		15A2C57F2D9F0EDE00CAFA88 /* PBXTargetDependency */ = {
			isa = PBXTargetDependency;
			target = 15A2C56B2D9F0EDD00CAFA88 /* CurrencyTrackerApp */;
			targetProxy = 15A2C57E2D9F0EDE00CAFA88 /* PBXContainerItemProxy */;
		};
		15A2C5892D9F0EDE00CAFA88 /* PBXTargetDependency */ = {
			isa = PBXTargetDependency;
			target = 15A2C56B2D9F0EDD00CAFA88 /* CurrencyTrackerApp */;
			targetProxy = 15A2C5882D9F0EDE00CAFA88 /* PBXContainerItemProxy */;
		};
/* End PBXTargetDependency section */

/* Begin XCBuildConfiguration section */
		15A2C58F2D9F0EDE00CAFA88 /* Debug */ = {
			isa = XCBuildConfiguration;
			buildSettings = {
				ALWAYS_SEARCH_USER_PATHS = NO;
				ASSETCATALOG_COMPILER_GENERATE_SWIFT_ASSET_SYMBOL_EXTENSIONS = YES;
				CLANG_ANALYZER_NONNULL = YES;
				CLANG_ANALYZER_NUMBER_OBJECT_CONVERSION = YES_AGGRESSIVE;
				CLANG_CXX_LANGUAGE_STANDARD = "gnu++20";
				CLANG_ENABLE_MODULES = YES;
				CLANG_ENABLE_OBJC_ARC = YES;
				CLANG_ENABLE_OBJC_WEAK = YES;
				CLANG_WARN_BLOCK_CAPTURE_AUTORELEASING = YES;
				CLANG_WARN_BOOL_CONVERSION = YES;
				CLANG_WARN_COMMA = YES;
				CLANG_WARN_CONSTANT_CONVERSION = YES;
				CLANG_WARN_DEPRECATED_OBJC_IMPLEMENTATIONS = YES;
				CLANG_WARN_DIRECT_OBJC_ISA_USAGE = YES_ERROR;
				CLANG_WARN_DOCUMENTATION_COMMENTS = YES;
				CLANG_WARN_EMPTY_BODY = YES;
				CLANG_WARN_ENUM_CONVERSION = YES;
				CLANG_WARN_INFINITE_RECURSION = YES;
				CLANG_WARN_INT_CONVERSION = YES;
				CLANG_WARN_NON_LITERAL_NULL_CONVERSION = YES;
				CLANG_WARN_OBJC_IMPLICIT_RETAIN_SELF = YES;
				CLANG_WARN_OBJC_LITERAL_CONVERSION = YES;
				CLANG_WARN_OBJC_ROOT_CLASS = YES_ERROR;
				CLANG_WARN_QUOTED_INCLUDE_IN_FRAMEWORK_HEADER = YES;
				CLANG_WARN_RANGE_LOOP_ANALYSIS = YES;
				CLANG_WARN_STRICT_PROTOTYPES = YES;
				CLANG_WARN_SUSPICIOUS_MOVE = YES;
				CLANG_WARN_UNGUARDED_AVAILABILITY = YES_AGGRESSIVE;
				CLANG_WARN_UNREACHABLE_CODE = YES;
				CLANG_WARN__DUPLICATE_METHOD_MATCH = YES;
				COPY_PHASE_STRIP = NO;
				DEBUG_INFORMATION_FORMAT = dwarf;
				ENABLE_STRICT_OBJC_MSGSEND = YES;
				ENABLE_TESTABILITY = YES;
				ENABLE_USER_SCRIPT_SANDBOXING = YES;
				GCC_C_LANGUAGE_STANDARD = gnu17;
				GCC_DYNAMIC_NO_PIC = NO;
				GCC_NO_COMMON_BLOCKS = YES;
				GCC_OPTIMIZATION_LEVEL = 0;
				GCC_PREPROCESSOR_DEFINITIONS = (
					"DEBUG=1",
					"$(inherited)",
				);
				GCC_WARN_64_TO_32_BIT_CONVERSION = YES;
				GCC_WARN_ABOUT_RETURN_TYPE = YES_ERROR;
				GCC_WARN_UNDECLARED_SELECTOR = YES;
				GCC_WARN_UNINITIALIZED_AUTOS = YES_AGGRESSIVE;
				GCC_WARN_UNUSED_FUNCTION = YES;
				GCC_WARN_UNUSED_VARIABLE = YES;
				LOCALIZATION_PREFERS_STRING_CATALOGS = YES;
				MTL_ENABLE_DEBUG_INFO = INCLUDE_SOURCE;
				MTL_FAST_MATH = YES;
				ONLY_ACTIVE_ARCH = YES;
				SWIFT_ACTIVE_COMPILATION_CONDITIONS = "DEBUG $(inherited)";
				SWIFT_OPTIMIZATION_LEVEL = "-Onone";
			};
			name = Debug;
		};
		15A2C5902D9F0EDE00CAFA88 /* Release */ = {
			isa = XCBuildConfiguration;
			buildSettings = {
				ALWAYS_SEARCH_USER_PATHS = NO;
				ASSETCATALOG_COMPILER_GENERATE_SWIFT_ASSET_SYMBOL_EXTENSIONS = YES;
				CLANG_ANALYZER_NONNULL = YES;
				CLANG_ANALYZER_NUMBER_OBJECT_CONVERSION = YES_AGGRESSIVE;
				CLANG_CXX_LANGUAGE_STANDARD = "gnu++20";
				CLANG_ENABLE_MODULES = YES;
				CLANG_ENABLE_OBJC_ARC = YES;
				CLANG_ENABLE_OBJC_WEAK = YES;
				CLANG_WARN_BLOCK_CAPTURE_AUTORELEASING = YES;
				CLANG_WARN_BOOL_CONVERSION = YES;
				CLANG_WARN_COMMA = YES;
				CLANG_WARN_CONSTANT_CONVERSION = YES;
				CLANG_WARN_DEPRECATED_OBJC_IMPLEMENTATIONS = YES;
				CLANG_WARN_DIRECT_OBJC_ISA_USAGE = YES_ERROR;
				CLANG_WARN_DOCUMENTATION_COMMENTS = YES;
				CLANG_WARN_EMPTY_BODY = YES;
				CLANG_WARN_ENUM_CONVERSION = YES;
				CLANG_WARN_INFINITE_RECURSION = YES;
				CLANG_WARN_INT_CONVERSION = YES;
				CLANG_WARN_NON_LITERAL_NULL_CONVERSION = YES;
				CLANG_WARN_OBJC_IMPLICIT_RETAIN_SELF = YES;
				CLANG_WARN_OBJC_LITERAL_CONVERSION = YES;
				CLANG_WARN_OBJC_ROOT_CLASS = YES_ERROR;
				CLANG_WARN_QUOTED_INCLUDE_IN_FRAMEWORK_HEADER = YES;
				CLANG_WARN_RANGE_LOOP_ANALYSIS = YES;
				CLANG_WARN_STRICT_PROTOTYPES = YES;
				CLANG_WARN_SUSPICIOUS_MOVE = YES;
				CLANG_WARN_UNGUARDED_AVAILABILITY = YES_AGGRESSIVE;
				CLANG_WARN_UNREACHABLE_CODE = YES;
				CLANG_WARN__DUPLICATE_METHOD_MATCH = YES;
				COPY_PHASE_STRIP = NO;
				DEBUG_INFORMATION_FORMAT = "dwarf-with-dsym";
				ENABLE_NS_ASSERTIONS = NO;
				ENABLE_STRICT_OBJC_MSGSEND = YES;
				ENABLE_USER_SCRIPT_SANDBOXING = YES;
				GCC_C_LANGUAGE_STANDARD = gnu17;
				GCC_NO_COMMON_BLOCKS = YES;
				GCC_WARN_64_TO_32_BIT_CONVERSION = YES;
				GCC_WARN_ABOUT_RETURN_TYPE = YES_ERROR;
				GCC_WARN_UNDECLARED_SELECTOR = YES;
				GCC_WARN_UNINITIALIZED_AUTOS = YES_AGGRESSIVE;
				GCC_WARN_UNUSED_FUNCTION = YES;
				GCC_WARN_UNUSED_VARIABLE = YES;
				LOCALIZATION_PREFERS_STRING_CATALOGS = YES;
				MTL_ENABLE_DEBUG_INFO = NO;
				MTL_FAST_MATH = YES;
				SWIFT_COMPILATION_MODE = wholemodule;
			};
			name = Release;
		};
		15A2C5922D9F0EDE00CAFA88 /* Debug */ = {
			isa = XCBuildConfiguration;
			buildSettings = {
				ASSETCATALOG_COMPILER_APPICON_NAME = AppIcon;
				ASSETCATALOG_COMPILER_GLOBAL_ACCENT_COLOR_NAME = AccentColor;
				CODE_SIGN_ENTITLEMENTS = CurrencyTrackerApp/CurrencyTrackerApp.entitlements;
				CODE_SIGN_STYLE = Automatic;
				CURRENT_PROJECT_VERSION = 1;
				DEVELOPMENT_ASSET_PATHS = "\"CurrencyTrackerApp/Preview Content\"";
				DEVELOPMENT_TEAM = V2NXV5D34P;
				ENABLE_HARDENED_RUNTIME = YES;
				ENABLE_PREVIEWS = YES;
				GENERATE_INFOPLIST_FILE = YES;
				"INFOPLIST_KEY_UIApplicationSceneManifest_Generation[sdk=iphoneos*]" = YES;
				"INFOPLIST_KEY_UIApplicationSceneManifest_Generation[sdk=iphonesimulator*]" = YES;
				"INFOPLIST_KEY_UIApplicationSupportsIndirectInputEvents[sdk=iphoneos*]" = YES;
				"INFOPLIST_KEY_UIApplicationSupportsIndirectInputEvents[sdk=iphonesimulator*]" = YES;
				"INFOPLIST_KEY_UILaunchScreen_Generation[sdk=iphoneos*]" = YES;
				"INFOPLIST_KEY_UILaunchScreen_Generation[sdk=iphonesimulator*]" = YES;
				"INFOPLIST_KEY_UIStatusBarStyle[sdk=iphoneos*]" = UIStatusBarStyleDefault;
				"INFOPLIST_KEY_UIStatusBarStyle[sdk=iphonesimulator*]" = UIStatusBarStyleDefault;
				INFOPLIST_KEY_UISupportedInterfaceOrientations_iPad = "UIInterfaceOrientationPortrait UIInterfaceOrientationPortraitUpsideDown UIInterfaceOrientationLandscapeLeft UIInterfaceOrientationLandscapeRight";
				INFOPLIST_KEY_UISupportedInterfaceOrientations_iPhone = "UIInterfaceOrientationPortrait UIInterfaceOrientationLandscapeLeft UIInterfaceOrientationLandscapeRight";
				IPHONEOS_DEPLOYMENT_TARGET = 18.2;
				LD_RUNPATH_SEARCH_PATHS = "@executable_path/Frameworks";
				"LD_RUNPATH_SEARCH_PATHS[sdk=macosx*]" = "@executable_path/../Frameworks";
				MACOSX_DEPLOYMENT_TARGET = 15.2;
				MARKETING_VERSION = 1.0;
				PRODUCT_BUNDLE_IDENTIFIER = CurrencyTrackerApp.CurrencyTrackerApp;
				PRODUCT_NAME = "$(TARGET_NAME)";
				SDKROOT = auto;
				SUPPORTED_PLATFORMS = "iphoneos iphonesimulator macosx xros xrsimulator";
				SWIFT_EMIT_LOC_STRINGS = YES;
				SWIFT_VERSION = 5.0;
				TARGETED_DEVICE_FAMILY = "1,2,7";
				XROS_DEPLOYMENT_TARGET = 2.2;
			};
			name = Debug;
		};
		15A2C5932D9F0EDE00CAFA88 /* Release */ = {
			isa = XCBuildConfiguration;
			buildSettings = {
				ASSETCATALOG_COMPILER_APPICON_NAME = AppIcon;
				ASSETCATALOG_COMPILER_GLOBAL_ACCENT_COLOR_NAME = AccentColor;
				CODE_SIGN_ENTITLEMENTS = CurrencyTrackerApp/CurrencyTrackerApp.entitlements;
				CODE_SIGN_STYLE = Automatic;
				CURRENT_PROJECT_VERSION = 1;
				DEVELOPMENT_ASSET_PATHS = "\"CurrencyTrackerApp/Preview Content\"";
				DEVELOPMENT_TEAM = V2NXV5D34P;
				ENABLE_HARDENED_RUNTIME = YES;
				ENABLE_PREVIEWS = YES;
				GENERATE_INFOPLIST_FILE = YES;
				"INFOPLIST_KEY_UIApplicationSceneManifest_Generation[sdk=iphoneos*]" = YES;
				"INFOPLIST_KEY_UIApplicationSceneManifest_Generation[sdk=iphonesimulator*]" = YES;
				"INFOPLIST_KEY_UIApplicationSupportsIndirectInputEvents[sdk=iphoneos*]" = YES;
				"INFOPLIST_KEY_UIApplicationSupportsIndirectInputEvents[sdk=iphonesimulator*]" = YES;
				"INFOPLIST_KEY_UILaunchScreen_Generation[sdk=iphoneos*]" = YES;
				"INFOPLIST_KEY_UILaunchScreen_Generation[sdk=iphonesimulator*]" = YES;
				"INFOPLIST_KEY_UIStatusBarStyle[sdk=iphoneos*]" = UIStatusBarStyleDefault;
				"INFOPLIST_KEY_UIStatusBarStyle[sdk=iphonesimulator*]" = UIStatusBarStyleDefault;
				INFOPLIST_KEY_UISupportedInterfaceOrientations_iPad = "UIInterfaceOrientationPortrait UIInterfaceOrientationPortraitUpsideDown UIInterfaceOrientationLandscapeLeft UIInterfaceOrientationLandscapeRight";
				INFOPLIST_KEY_UISupportedInterfaceOrientations_iPhone = "UIInterfaceOrientationPortrait UIInterfaceOrientationLandscapeLeft UIInterfaceOrientationLandscapeRight";
				IPHONEOS_DEPLOYMENT_TARGET = 18.2;
				LD_RUNPATH_SEARCH_PATHS = "@executable_path/Frameworks";
				"LD_RUNPATH_SEARCH_PATHS[sdk=macosx*]" = "@executable_path/../Frameworks";
				MACOSX_DEPLOYMENT_TARGET = 15.2;
				MARKETING_VERSION = 1.0;
				PRODUCT_BUNDLE_IDENTIFIER = CurrencyTrackerApp.CurrencyTrackerApp;
				PRODUCT_NAME = "$(TARGET_NAME)";
				SDKROOT = auto;
				SUPPORTED_PLATFORMS = "iphoneos iphonesimulator macosx xros xrsimulator";
				SWIFT_EMIT_LOC_STRINGS = YES;
				SWIFT_VERSION = 5.0;
				TARGETED_DEVICE_FAMILY = "1,2,7";
				XROS_DEPLOYMENT_TARGET = 2.2;
			};
			name = Release;
		};
		15A2C5952D9F0EDE00CAFA88 /* Debug */ = {
			isa = XCBuildConfiguration;
			buildSettings = {
				BUNDLE_LOADER = "$(TEST_HOST)";
				CODE_SIGN_STYLE = Automatic;
				CURRENT_PROJECT_VERSION = 1;
				DEVELOPMENT_TEAM = V2NXV5D34P;
				GENERATE_INFOPLIST_FILE = YES;
				IPHONEOS_DEPLOYMENT_TARGET = 18.2;
				MACOSX_DEPLOYMENT_TARGET = 15.2;
				MARKETING_VERSION = 1.0;
				PRODUCT_BUNDLE_IDENTIFIER = CurrencyTrackerApp.CurrencyTrackerAppTests;
				PRODUCT_NAME = "$(TARGET_NAME)";
				SDKROOT = auto;
				SUPPORTED_PLATFORMS = "iphoneos iphonesimulator macosx xros xrsimulator";
				SWIFT_EMIT_LOC_STRINGS = NO;
				SWIFT_VERSION = 5.0;
				TARGETED_DEVICE_FAMILY = "1,2,7";
				TEST_HOST = "$(BUILT_PRODUCTS_DIR)/CurrencyTrackerApp.app/$(BUNDLE_EXECUTABLE_FOLDER_PATH)/CurrencyTrackerApp";
				XROS_DEPLOYMENT_TARGET = 2.2;
			};
			name = Debug;
		};
		15A2C5962D9F0EDE00CAFA88 /* Release */ = {
			isa = XCBuildConfiguration;
			buildSettings = {
				BUNDLE_LOADER = "$(TEST_HOST)";
				CODE_SIGN_STYLE = Automatic;
				CURRENT_PROJECT_VERSION = 1;
				DEVELOPMENT_TEAM = V2NXV5D34P;
				GENERATE_INFOPLIST_FILE = YES;
				IPHONEOS_DEPLOYMENT_TARGET = 18.2;
				MACOSX_DEPLOYMENT_TARGET = 15.2;
				MARKETING_VERSION = 1.0;
				PRODUCT_BUNDLE_IDENTIFIER = CurrencyTrackerApp.CurrencyTrackerAppTests;
				PRODUCT_NAME = "$(TARGET_NAME)";
				SDKROOT = auto;
				SUPPORTED_PLATFORMS = "iphoneos iphonesimulator macosx xros xrsimulator";
				SWIFT_EMIT_LOC_STRINGS = NO;
				SWIFT_VERSION = 5.0;
				TARGETED_DEVICE_FAMILY = "1,2,7";
				TEST_HOST = "$(BUILT_PRODUCTS_DIR)/CurrencyTrackerApp.app/$(BUNDLE_EXECUTABLE_FOLDER_PATH)/CurrencyTrackerApp";
				XROS_DEPLOYMENT_TARGET = 2.2;
			};
			name = Release;
		};
		15A2C5982D9F0EDE00CAFA88 /* Debug */ = {
			isa = XCBuildConfiguration;
			buildSettings = {
				CODE_SIGN_STYLE = Automatic;
				CURRENT_PROJECT_VERSION = 1;
				DEVELOPMENT_TEAM = V2NXV5D34P;
				GENERATE_INFOPLIST_FILE = YES;
				IPHONEOS_DEPLOYMENT_TARGET = 18.2;
				MACOSX_DEPLOYMENT_TARGET = 15.2;
				MARKETING_VERSION = 1.0;
				PRODUCT_BUNDLE_IDENTIFIER = CurrencyTrackerApp.CurrencyTrackerAppUITests;
				PRODUCT_NAME = "$(TARGET_NAME)";
				SDKROOT = auto;
				SUPPORTED_PLATFORMS = "iphoneos iphonesimulator macosx xros xrsimulator";
				SWIFT_EMIT_LOC_STRINGS = NO;
				SWIFT_VERSION = 5.0;
				TARGETED_DEVICE_FAMILY = "1,2,7";
				TEST_TARGET_NAME = CurrencyTrackerApp;
				XROS_DEPLOYMENT_TARGET = 2.2;
			};
			name = Debug;
		};
		15A2C5992D9F0EDE00CAFA88 /* Release */ = {
			isa = XCBuildConfiguration;
			buildSettings = {
				CODE_SIGN_STYLE = Automatic;
				CURRENT_PROJECT_VERSION = 1;
				DEVELOPMENT_TEAM = V2NXV5D34P;
				GENERATE_INFOPLIST_FILE = YES;
				IPHONEOS_DEPLOYMENT_TARGET = 18.2;
				MACOSX_DEPLOYMENT_TARGET = 15.2;
				MARKETING_VERSION = 1.0;
				PRODUCT_BUNDLE_IDENTIFIER = CurrencyTrackerApp.CurrencyTrackerAppUITests;
				PRODUCT_NAME = "$(TARGET_NAME)";
				SDKROOT = auto;
				SUPPORTED_PLATFORMS = "iphoneos iphonesimulator macosx xros xrsimulator";
				SWIFT_EMIT_LOC_STRINGS = NO;
				SWIFT_VERSION = 5.0;
				TARGETED_DEVICE_FAMILY = "1,2,7";
				TEST_TARGET_NAME = CurrencyTrackerApp;
				XROS_DEPLOYMENT_TARGET = 2.2;
			};
			name = Release;
		};
/* End XCBuildConfiguration section */

/* Begin XCConfigurationList section */
		15A2C5672D9F0EDD00CAFA88 /* Build configuration list for PBXProject "CurrencyTrackerApp" */ = {
			isa = XCConfigurationList;
			buildConfigurations = (
				15A2C58F2D9F0EDE00CAFA88 /* Debug */,
				15A2C5902D9F0EDE00CAFA88 /* Release */,
			);
			defaultConfigurationIsVisible = 0;
			defaultConfigurationName = Release;
		};
		15A2C5912D9F0EDE00CAFA88 /* Build configuration list for PBXNativeTarget "CurrencyTrackerApp" */ = {
			isa = XCConfigurationList;
			buildConfigurations = (
				15A2C5922D9F0EDE00CAFA88 /* Debug */,
				15A2C5932D9F0EDE00CAFA88 /* Release */,
			);
			defaultConfigurationIsVisible = 0;
			defaultConfigurationName = Release;
		};
		15A2C5942D9F0EDE00CAFA88 /* Build configuration list for PBXNativeTarget "CurrencyTrackerAppTests" */ = {
			isa = XCConfigurationList;
			buildConfigurations = (
				15A2C5952D9F0EDE00CAFA88 /* Debug */,
				15A2C5962D9F0EDE00CAFA88 /* Release */,
			);
			defaultConfigurationIsVisible = 0;
			defaultConfigurationName = Release;
		};
		15A2C5972D9F0EDE00CAFA88 /* Build configuration list for PBXNativeTarget "CurrencyTrackerAppUITests" */ = {
			isa = XCConfigurationList;
			buildConfigurations = (
				15A2C5982D9F0EDE00CAFA88 /* Debug */,
				15A2C5992D9F0EDE00CAFA88 /* Release */,
			);
			defaultConfigurationIsVisible = 0;
			defaultConfigurationName = Release;
		};
/* End XCConfigurationList section */
	};
	rootObject = 15A2C5642D9F0EDD00CAFA88 /* Project object */;
}
